// !$*UTF8*$!
{
	archiveVersion = 1;
	classes = {
	};
	objectVersion = 46;
	objects = {

/* Begin PBXBuildFile section */
		1B2A60C79ED46CD71B63F7E9 /* PRHIconFromIPAExtractor.m in Sources */ = {isa = PBXBuildFile; fileRef = 1B2A630B66BC790BD39AE48B /* PRHIconFromIPAExtractor.m */; };
		1B2A6B5CED068F8EF0B30B93 /* PRHIconFromIPAExtractor.h in Headers */ = {isa = PBXBuildFile; fileRef = 1B2A68AA5AE0F78BED8366E7 /* PRHIconFromIPAExtractor.h */; };
		314AFC3B16E453260027A92A /* QuickLook.framework in Frameworks */ = {isa = PBXBuildFile; fileRef = 314AFC3A16E453260027A92A /* QuickLook.framework */; };
		314AFC3D16E453260027A92A /* ApplicationServices.framework in Frameworks */ = {isa = PBXBuildFile; fileRef = 314AFC3C16E453260027A92A /* ApplicationServices.framework */; };
		314AFC3F16E453260027A92A /* CoreServices.framework in Frameworks */ = {isa = PBXBuildFile; fileRef = 314AFC3E16E453260027A92A /* CoreServices.framework */; };
		314AFC4116E453260027A92A /* CoreFoundation.framework in Frameworks */ = {isa = PBXBuildFile; fileRef = 314AFC4016E453260027A92A /* CoreFoundation.framework */; };
		314AFC4716E453260027A92A /* InfoPlist.strings in Resources */ = {isa = PBXBuildFile; fileRef = 314AFC4516E453260027A92A /* InfoPlist.strings */; };
		314AFC4916E453260027A92A /* GenerateThumbnailForURL.m in Sources */ = {isa = PBXBuildFile; fileRef = 314AFC4816E453260027A92A /* GenerateThumbnailForURL.m */; };
		314AFC4B16E453260027A92A /* GeneratePreviewForURL.m in Sources */ = {isa = PBXBuildFile; fileRef = 314AFC4A16E453260027A92A /* GeneratePreviewForURL.m */; };
		314AFC4D16E453260027A92A /* main.c in Sources */ = {isa = PBXBuildFile; fileRef = 314AFC4C16E453260027A92A /* main.c */; };
/* End PBXBuildFile section */

/* Begin PBXFileReference section */
		1B2A630B66BC790BD39AE48B /* PRHIconFromIPAExtractor.m */ = {isa = PBXFileReference; fileEncoding = 4; lastKnownFileType = sourcecode.c.objc; path = PRHIconFromIPAExtractor.m; sourceTree = "<group>"; };
		1B2A68AA5AE0F78BED8366E7 /* PRHIconFromIPAExtractor.h */ = {isa = PBXFileReference; fileEncoding = 4; lastKnownFileType = sourcecode.c.h; path = PRHIconFromIPAExtractor.h; sourceTree = "<group>"; };
		314AFC3716E453260027A92A /* IPA icon generator.qlgenerator */ = {isa = PBXFileReference; explicitFileType = wrapper.cfbundle; includeInIndex = 0; path = "IPA icon generator.qlgenerator"; sourceTree = BUILT_PRODUCTS_DIR; };
		314AFC3A16E453260027A92A /* QuickLook.framework */ = {isa = PBXFileReference; lastKnownFileType = wrapper.framework; name = QuickLook.framework; path = System/Library/Frameworks/QuickLook.framework; sourceTree = SDKROOT; };
		314AFC3C16E453260027A92A /* ApplicationServices.framework */ = {isa = PBXFileReference; lastKnownFileType = wrapper.framework; name = ApplicationServices.framework; path = System/Library/Frameworks/ApplicationServices.framework; sourceTree = SDKROOT; };
		314AFC3E16E453260027A92A /* CoreServices.framework */ = {isa = PBXFileReference; lastKnownFileType = wrapper.framework; name = CoreServices.framework; path = System/Library/Frameworks/CoreServices.framework; sourceTree = SDKROOT; };
		314AFC4016E453260027A92A /* CoreFoundation.framework */ = {isa = PBXFileReference; lastKnownFileType = wrapper.framework; name = CoreFoundation.framework; path = System/Library/Frameworks/CoreFoundation.framework; sourceTree = SDKROOT; };
		314AFC4416E453260027A92A /* IPA icon generator-Info.plist */ = {isa = PBXFileReference; lastKnownFileType = text.plist.xml; path = "IPA icon generator-Info.plist"; sourceTree = "<group>"; };
		314AFC4616E453260027A92A /* en */ = {isa = PBXFileReference; lastKnownFileType = text.plist.strings; name = en; path = en.lproj/InfoPlist.strings; sourceTree = "<group>"; };
		314AFC4816E453260027A92A /* GenerateThumbnailForURL.m */ = {isa = PBXFileReference; lastKnownFileType = sourcecode.c.objc; path = GenerateThumbnailForURL.m; sourceTree = "<group>"; };
		314AFC4A16E453260027A92A /* GeneratePreviewForURL.m */ = {isa = PBXFileReference; lastKnownFileType = sourcecode.c.objc; path = GeneratePreviewForURL.m; sourceTree = "<group>"; };
		314AFC4C16E453260027A92A /* main.c */ = {isa = PBXFileReference; lastKnownFileType = sourcecode.c.c; path = main.c; sourceTree = "<group>"; };
		314AFC4E16E453260027A92A /* IPA icon generator-Prefix.pch */ = {isa = PBXFileReference; lastKnownFileType = sourcecode.c.h; path = "IPA icon generator-Prefix.pch"; sourceTree = "<group>"; };
/* End PBXFileReference section */

/* Begin PBXFrameworksBuildPhase section */
		314AFC3216E453260027A92A /* Frameworks */ = {
			isa = PBXFrameworksBuildPhase;
			buildActionMask = 2147483647;
			files = (
				314AFC3B16E453260027A92A /* QuickLook.framework in Frameworks */,
				314AFC3D16E453260027A92A /* ApplicationServices.framework in Frameworks */,
				314AFC3F16E453260027A92A /* CoreServices.framework in Frameworks */,
				314AFC4116E453260027A92A /* CoreFoundation.framework in Frameworks */,
			);
			runOnlyForDeploymentPostprocessing = 0;
		};
/* End PBXFrameworksBuildPhase section */

/* Begin PBXGroup section */
		314AFC2C16E453250027A92A = {
			isa = PBXGroup;
			children = (
				314AFC4216E453260027A92A /* IPA icon generator */,
				314AFC3916E453260027A92A /* Frameworks */,
				314AFC3816E453260027A92A /* Products */,
			);
			sourceTree = "<group>";
		};
		314AFC3816E453260027A92A /* Products */ = {
			isa = PBXGroup;
			children = (
				314AFC3716E453260027A92A /* IPA icon generator.qlgenerator */,
			);
			name = Products;
			sourceTree = "<group>";
		};
		314AFC3916E453260027A92A /* Frameworks */ = {
			isa = PBXGroup;
			children = (
				314AFC3A16E453260027A92A /* QuickLook.framework */,
				314AFC3C16E453260027A92A /* ApplicationServices.framework */,
				314AFC3E16E453260027A92A /* CoreServices.framework */,
				314AFC4016E453260027A92A /* CoreFoundation.framework */,
			);
			name = Frameworks;
			sourceTree = "<group>";
		};
		314AFC4216E453260027A92A /* IPA icon generator */ = {
			isa = PBXGroup;
			children = (
				314AFC4816E453260027A92A /* GenerateThumbnailForURL.m */,
				314AFC4A16E453260027A92A /* GeneratePreviewForURL.m */,
				314AFC4C16E453260027A92A /* main.c */,
				314AFC4316E453260027A92A /* Supporting Files */,
				1B2A630B66BC790BD39AE48B /* PRHIconFromIPAExtractor.m */,
				1B2A68AA5AE0F78BED8366E7 /* PRHIconFromIPAExtractor.h */,
			);
			path = "IPA icon generator";
			sourceTree = "<group>";
		};
		314AFC4316E453260027A92A /* Supporting Files */ = {
			isa = PBXGroup;
			children = (
				314AFC4416E453260027A92A /* IPA icon generator-Info.plist */,
				314AFC4516E453260027A92A /* InfoPlist.strings */,
				314AFC4E16E453260027A92A /* IPA icon generator-Prefix.pch */,
			);
			name = "Supporting Files";
			sourceTree = "<group>";
		};
/* End PBXGroup section */

/* Begin PBXHeadersBuildPhase section */
		314AFC3316E453260027A92A /* Headers */ = {
			isa = PBXHeadersBuildPhase;
			buildActionMask = 2147483647;
			files = (
				1B2A6B5CED068F8EF0B30B93 /* PRHIconFromIPAExtractor.h in Headers */,
			);
			runOnlyForDeploymentPostprocessing = 0;
		};
/* End PBXHeadersBuildPhase section */

/* Begin PBXNativeTarget section */
		314AFC3616E453260027A92A /* IPA icon generator */ = {
			isa = PBXNativeTarget;
			buildConfigurationList = 314AFC5116E453260027A92A /* Build configuration list for PBXNativeTarget "IPA icon generator" */;
			buildPhases = (
				314AFC3116E453260027A92A /* Sources */,
				314AFC3216E453260027A92A /* Frameworks */,
				314AFC3316E453260027A92A /* Headers */,
				314AFC3416E453260027A92A /* Resources */,
				314AFC3516E453260027A92A /* Rez */,
			);
			buildRules = (
			);
			dependencies = (
			);
			name = "IPA icon generator";
			productName = "IPA icon generator";
			productReference = 314AFC3716E453260027A92A /* IPA icon generator.qlgenerator */;
			productType = "com.apple.product-type.bundle";
		};
/* End PBXNativeTarget section */

/* Begin PBXProject section */
		314AFC2D16E453250027A92A /* Project object */ = {
			isa = PBXProject;
			attributes = {
				LastUpgradeCheck = 0460;
				ORGANIZATIONNAME = "Peter Hosey";
			};
			buildConfigurationList = 314AFC3016E453250027A92A /* Build configuration list for PBXProject "IPA icon generator" */;
			compatibilityVersion = "Xcode 3.2";
			developmentRegion = English;
			hasScannedForEncodings = 0;
			knownRegions = (
				en,
			);
			mainGroup = 314AFC2C16E453250027A92A;
			productRefGroup = 314AFC3816E453260027A92A /* Products */;
			projectDirPath = "";
			projectRoot = "";
			targets = (
				314AFC3616E453260027A92A /* IPA icon generator */,
			);
		};
/* End PBXProject section */

/* Begin PBXResourcesBuildPhase section */
		314AFC3416E453260027A92A /* Resources */ = {
			isa = PBXResourcesBuildPhase;
			buildActionMask = 2147483647;
			files = (
				314AFC4716E453260027A92A /* InfoPlist.strings in Resources */,
			);
			runOnlyForDeploymentPostprocessing = 0;
		};
/* End PBXResourcesBuildPhase section */

/* Begin PBXRezBuildPhase section */
		314AFC3516E453260027A92A /* Rez */ = {
			isa = PBXRezBuildPhase;
			buildActionMask = 2147483647;
			files = (
			);
			runOnlyForDeploymentPostprocessing = 0;
		};
/* End PBXRezBuildPhase section */

/* Begin PBXSourcesBuildPhase section */
		314AFC3116E453260027A92A /* Sources */ = {
			isa = PBXSourcesBuildPhase;
			buildActionMask = 2147483647;
			files = (
				314AFC4916E453260027A92A /* GenerateThumbnailForURL.m in Sources */,
				314AFC4B16E453260027A92A /* GeneratePreviewForURL.m in Sources */,
				314AFC4D16E453260027A92A /* main.c in Sources */,
				1B2A60C79ED46CD71B63F7E9 /* PRHIconFromIPAExtractor.m in Sources */,
			);
			runOnlyForDeploymentPostprocessing = 0;
		};
/* End PBXSourcesBuildPhase section */

/* Begin PBXVariantGroup section */
		314AFC4516E453260027A92A /* InfoPlist.strings */ = {
			isa = PBXVariantGroup;
			children = (
				314AFC4616E453260027A92A /* en */,
			);
			name = InfoPlist.strings;
			sourceTree = "<group>";
		};
/* End PBXVariantGroup section */

/* Begin XCBuildConfiguration section */
		314AFC4F16E453260027A92A /* Debug */ = {
			isa = XCBuildConfiguration;
			buildSettings = {
				ALWAYS_SEARCH_USER_PATHS = NO;
				ARCHS = "$(ARCHS_STANDARD_64_BIT)";
				CLANG_CXX_LANGUAGE_STANDARD = "gnu++0x";
				CLANG_CXX_LIBRARY = "libc++";
				CLANG_ENABLE_OBJC_ARC = YES;
				CLANG_WARN_CONSTANT_CONVERSION = YES;
				CLANG_WARN_EMPTY_BODY = YES;
				CLANG_WARN_ENUM_CONVERSION = YES;
				CLANG_WARN_INT_CONVERSION = YES;
				CLANG_WARN__DUPLICATE_METHOD_MATCH = YES;
				COPY_PHASE_STRIP = NO;
				GCC_C_LANGUAGE_STANDARD = gnu99;
				GCC_DYNAMIC_NO_PIC = NO;
				GCC_ENABLE_OBJC_EXCEPTIONS = YES;
				GCC_OPTIMIZATION_LEVEL = 0;
				GCC_PREPROCESSOR_DEFINITIONS = (
					"DEBUG=1",
					"$(inherited)",
				);
				GCC_SYMBOLS_PRIVATE_EXTERN = NO;
				GCC_WARN_64_TO_32_BIT_CONVERSION = YES;
				GCC_WARN_ABOUT_RETURN_TYPE = YES;
				GCC_WARN_UNINITIALIZED_AUTOS = YES;
				GCC_WARN_UNUSED_VARIABLE = YES;
				MACOSX_DEPLOYMENT_TARGET = 10.7;
				ONLY_ACTIVE_ARCH = YES;
				SDKROOT = macosx;
			};
			name = Debug;
		};
		314AFC5016E453260027A92A /* Release */ = {
			isa = XCBuildConfiguration;
			buildSettings = {
				ALWAYS_SEARCH_USER_PATHS = NO;
				ARCHS = "$(ARCHS_STANDARD_64_BIT)";
				CLANG_CXX_LANGUAGE_STANDARD = "gnu++0x";
				CLANG_CXX_LIBRARY = "libc++";
				CLANG_ENABLE_OBJC_ARC = YES;
				CLANG_WARN_CONSTANT_CONVERSION = YES;
				CLANG_WARN_EMPTY_BODY = YES;
				CLANG_WARN_ENUM_CONVERSION = YES;
				CLANG_WARN_INT_CONVERSION = YES;
				CLANG_WARN__DUPLICATE_METHOD_MATCH = YES;
				COPY_PHASE_STRIP = YES;
				DEBUG_INFORMATION_FORMAT = "dwarf-with-dsym";
				GCC_C_LANGUAGE_STANDARD = gnu99;
				GCC_ENABLE_OBJC_EXCEPTIONS = YES;
				GCC_WARN_64_TO_32_BIT_CONVERSION = YES;
				GCC_WARN_ABOUT_RETURN_TYPE = YES;
				GCC_WARN_UNINITIALIZED_AUTOS = YES;
				GCC_WARN_UNUSED_VARIABLE = YES;
				MACOSX_DEPLOYMENT_TARGET = 10.7;
				SDKROOT = macosx;
			};
			name = Release;
		};
		314AFC5216E453260027A92A /* Debug */ = {
			isa = XCBuildConfiguration;
			buildSettings = {
				COMBINE_HIDPI_IMAGES = YES;
				GCC_PRECOMPILE_PREFIX_HEADER = YES;
				GCC_PREFIX_HEADER = "IPA icon generator/IPA icon generator-Prefix.pch";
				INFOPLIST_FILE = "IPA icon generator/IPA icon generator-Info.plist";
				INSTALL_PATH = /Library/QuickLook;
				PRODUCT_NAME = "$(TARGET_NAME)";
				WRAPPER_EXTENSION = qlgenerator;
			};
			name = Debug;
		};
		314AFC5316E453260027A92A /* Release */ = {
			isa = XCBuildConfiguration;
			buildSettings = {
				COMBINE_HIDPI_IMAGES = YES;
				GCC_PRECOMPILE_PREFIX_HEADER = YES;
				GCC_PREFIX_HEADER = "IPA icon generator/IPA icon generator-Prefix.pch";
				INFOPLIST_FILE = "IPA icon generator/IPA icon generator-Info.plist";
				INSTALL_PATH = /Library/QuickLook;
				PRODUCT_NAME = "$(TARGET_NAME)";
				WRAPPER_EXTENSION = qlgenerator;
			};
			name = Release;
		};
/* End XCBuildConfiguration section */

/* Begin XCConfigurationList section */
		314AFC3016E453250027A92A /* Build configuration list for PBXProject "IPA icon generator" */ = {
			isa = XCConfigurationList;
			buildConfigurations = (
				314AFC4F16E453260027A92A /* Debug */,
				314AFC5016E453260027A92A /* Release */,
			);
			defaultConfigurationIsVisible = 0;
			defaultConfigurationName = Release;
		};
		314AFC5116E453260027A92A /* Build configuration list for PBXNativeTarget "IPA icon generator" */ = {
			isa = XCConfigurationList;
			buildConfigurations = (
				314AFC5216E453260027A92A /* Debug */,
				314AFC5316E453260027A92A /* Release */,
			);
			defaultConfigurationIsVisible = 0;
		};
/* End XCConfigurationList section */
	};
	rootObject = 314AFC2D16E453250027A92A /* Project object */;
}
